# THIS IS AN AUTOGENERATED FILE. DO NOT EDIT THIS FILE DIRECTLY.
# yarn lockfile v1


"@scdl/fetch-client@ducktrshessami/scdl-fetch-client#v1.0.3":
  version "1.0.3"
  resolved "https://codeload.github.com/ducktrshessami/scdl-fetch-client/tar.gz/d32ca07704fdfdd9c8c089e92185aeade0f9d5ff"

m3u-parser-generator@^5.0.1:
  version "5.0.1"
  resolved "https://registry.yarnpkg.com/m3u-parser-generator/-/m3u-parser-generator-5.0.1.tgz#955ca54ec62d25d08da77b518c489ee7536b28c1"
  integrity sha512-pzqFQUEwX05N9t64dVEhwJzVtWzhqTIetcfZjHbkpdfD01pKn8YW6GnKEK5XuprsdviBl3qvs7WzKeWpc/LZ5w==

mime@^4.1.0:
  version "4.1.0"
  resolved "https://registry.yarnpkg.com/mime/-/mime-4.1.0.tgz#ec55df7aa21832a36d44f0bbee5c04639b27802f"
  integrity sha512-X5ju04+cAzsojXKes0B/S4tcYtFAJ6tTMuSPBEn9CPGlrWr8Fiw7qYeLT0XyH80HSoAoqWCaz+MWKh22P7G1cw==

sanitize-filename@^1.6.3:
  version "1.6.3"
  resolved "https://registry.yarnpkg.com/sanitize-filename/-/sanitize-filename-1.6.3.tgz#755ebd752045931977e30b2025d340d7c9090378"
  integrity sha512-y/52Mcy7aw3gRm7IrcGDFx/bCk4AhRh2eI9luHOQM86nZsqwiRkkq2GekHXBBD+SmPidc8i2PqtYZl+pWJ8Oeg==
  dependencies:
    truncate-utf8-bytes "^1.0.0"

scdl-core@ducktrshessami/scdl-core#v5.0.0:
  version "5.0.0"
  resolved "https://codeload.github.com/ducktrshessami/scdl-core/tar.gz/d1a0c03f76be2d4c9682750fbef48ea96e170bef"
  dependencies:
    m3u-parser-generator "^5.0.1"
    undici "^7.16.0"

truncate-utf8-bytes@^1.0.0:
  version "1.0.2"
  resolved "https://registry.yarnpkg.com/truncate-utf8-bytes/-/truncate-utf8-bytes-1.0.2.tgz#405923909592d56f78a5818434b0b78489ca5f2b"
  integrity sha512-95Pu1QXQvruGEhv62XCMO3Mm90GscOCClvrIUwCM0PYOXK3kaF3l3sIHxx71ThJfcbM2O5Au6SO3AWCSEfW4mQ==
  dependencies:
    utf8-byte-length "^1.0.1"

undici@^7.16.0:
  version "7.16.0"
  resolved "https://registry.yarnpkg.com/undici/-/undici-7.16.0.tgz#cb2a1e957726d458b536e3f076bf51f066901c1a"
  integrity sha512-QEg3HPMll0o3t2ourKwOeUAZ159Kn9mx5pnzHRQO8+Wixmh88YdZRiIwat0iNzNNXn0yoEtXJqFpyW7eM8BV7g==

utf8-byte-length@^1.0.1:
  version "1.0.5"
  resolved "https://registry.yarnpkg.com/utf8-byte-length/-/utf8-byte-length-1.0.5.tgz#f9f63910d15536ee2b2d5dd4665389715eac5c1e"
  integrity sha512-Xn0w3MtiQ6zoz2vFyUVruaCL53O/DwUvkEeOvj+uulMm0BkUGYWmBYVyElqZaSLhY6ZD0ulfU3aBra2aVT4xfA==
