# THIS IS AN AUTOGENERATED FILE. DO NOT EDIT THIS FILE DIRECTLY.
# yarn lockfile v1


mime@^3.0.0:
  version "3.0.0"
  resolved "https://registry.yarnpkg.com/mime/-/mime-3.0.0.tgz#b374550dca3a0c18443b0c950a6a58f1931cf7a7"
  integrity sha512-jSCU7/VB1loIWBZe14aEYHU/+1UMEHoaO7qxCOVJOw9GgH72VAWppxNcjU+x9a2k3GSIBXNKxXQFqRvvZ7vr3A==

parse-hls@^1.0.7:
  version "1.0.7"
  resolved "https://registry.yarnpkg.com/parse-hls/-/parse-hls-1.0.7.tgz#b1c437133f596b9d3ad074027aa8c05d33e9eb3c"
  integrity sha512-tnAK2nXe8J/Jf66SwY2cUAKKXInLR9hkNhTtcS7t6J4CgkG8LGBfC1GuuXg7kLLbIQLXpVhZrY/tfyhDbqfzwg==

scdl-core@ducktrshessami/scdl-core:
  version "1.6.1"
  resolved "https://codeload.github.com/ducktrshessami/scdl-core/tar.gz/94fc1bb7237f4bea17c33d954454182f5adb4651"
  dependencies:
    parse-hls "^1.0.7"
    undici "^5.8.0"

soundcloud-key-fetch@^1.0.11:
  version "1.0.11"
  resolved "https://registry.yarnpkg.com/soundcloud-key-fetch/-/soundcloud-key-fetch-1.0.11.tgz#36033dda88e2b0de3bed38e1b2a80e33bb9c6755"
  integrity sha512-ofnXB3yeHGVKnFKEMBP/kIJzGu1SduQzJc+zmkPbKgelvYNsEU/aTGD0PlhmyZquaCkTGByF8CEPRrAnt7ki4g==

undici@^5.8.0:
  version "5.8.0"
  resolved "https://registry.yarnpkg.com/undici/-/undici-5.8.0.tgz#dec9a8ccd90e5a1d81d43c0eab6503146d649a4f"
  integrity sha512-1F7Vtcez5w/LwH2G2tGnFIihuWUlc58YidwLiCv+jR2Z50x0tNXpRRw7eOIJ+GvqCqIkg9SB7NWAJ/T9TLfv8Q==
