# THIS IS AN AUTOGENERATED FILE. DO NOT EDIT THIS FILE DIRECTLY.
# yarn lockfile v1


"@fastify/busboy@^2.0.0":
  version "2.1.0"
  resolved "https://registry.yarnpkg.com/@fastify/busboy/-/busboy-2.1.0.tgz#0709e9f4cb252351c609c6e6d8d6779a8d25edff"
  integrity sha512-+KpH+QxZU7O4675t3mnkQKcZZg56u+K/Ct2K+N2AZYNVK8kyeo/bI18tI8aPm3tvNNRyTWfj6s5tnGNlcbQRsA==

"@scdl/fetch-client@ducktrshessami/scdl-fetch-client#v1.0.1":
  version "1.0.1"
  resolved "https://codeload.github.com/ducktrshessami/scdl-fetch-client/tar.gz/68dbeb4f1912ebe560c823980f4e22e7d6baadd1"

m3u-parser-generator@^1.4.1:
  version "1.4.1"
  resolved "https://registry.yarnpkg.com/m3u-parser-generator/-/m3u-parser-generator-1.4.1.tgz#a06d350d0f9ad1e666d561f7a610e98d3321a0f7"
  integrity sha512-yBdBadSYtJpsi8cz63U89JNCB0UHyiacIrYMiA1qCtzOZBqIQVsYY7leARD8VAYzR+FBMenH0pNk70gr7R8dog==

mime@^3.0.0:
  version "3.0.0"
  resolved "https://registry.yarnpkg.com/mime/-/mime-3.0.0.tgz#b374550dca3a0c18443b0c950a6a58f1931cf7a7"
  integrity sha512-jSCU7/VB1loIWBZe14aEYHU/+1UMEHoaO7qxCOVJOw9GgH72VAWppxNcjU+x9a2k3GSIBXNKxXQFqRvvZ7vr3A==

sanitize-filename@^1.6.3:
  version "1.6.3"
  resolved "https://registry.yarnpkg.com/sanitize-filename/-/sanitize-filename-1.6.3.tgz#755ebd752045931977e30b2025d340d7c9090378"
  integrity sha512-y/52Mcy7aw3gRm7IrcGDFx/bCk4AhRh2eI9luHOQM86nZsqwiRkkq2GekHXBBD+SmPidc8i2PqtYZl+pWJ8Oeg==
  dependencies:
    truncate-utf8-bytes "^1.0.0"

scdl-core@ducktrshessami/scdl-core#v3.0.0:
  version "3.0.0"
  resolved "https://codeload.github.com/ducktrshessami/scdl-core/tar.gz/82c93ce9dffcb2e9713297ddf97007a55e73f85f"
  dependencies:
    m3u-parser-generator "^1.4.1"
    undici "^5.28.0"

truncate-utf8-bytes@^1.0.0:
  version "1.0.2"
  resolved "https://registry.yarnpkg.com/truncate-utf8-bytes/-/truncate-utf8-bytes-1.0.2.tgz#405923909592d56f78a5818434b0b78489ca5f2b"
  integrity sha512-95Pu1QXQvruGEhv62XCMO3Mm90GscOCClvrIUwCM0PYOXK3kaF3l3sIHxx71ThJfcbM2O5Au6SO3AWCSEfW4mQ==
  dependencies:
    utf8-byte-length "^1.0.1"

undici@^5.28.0:
  version "5.28.0"
  resolved "https://registry.yarnpkg.com/undici/-/undici-5.28.0.tgz#09f6aa4a6f34de8996eec585fe4ceebaa9ef3f36"
  integrity sha512-gM12DkXhlAc5+/TPe60iy9P6ETgVfqTuRJ6aQ4w8RYu0MqKuXhaq3/b86GfzDQnNA3NUO6aUNdvevrKH59D0Nw==
  dependencies:
    "@fastify/busboy" "^2.0.0"

utf8-byte-length@^1.0.1:
  version "1.0.4"
  resolved "https://registry.yarnpkg.com/utf8-byte-length/-/utf8-byte-length-1.0.4.tgz#f45f150c4c66eee968186505ab93fcbb8ad6bf61"
  integrity sha512-4+wkEYLBbWxqTahEsWrhxepcoVOJ+1z5PGIjPZxRkytcdSUaNjIjBM7Xn8E+pdSuV7SzvWovBFA54FO0JSoqhA==
